{
  "name": "zohan",
  "version": "0.0.0",
  "lockfileVersion": 3,
  "requires": true,
  "packages": {
    "": {
      "name": "zohan",
      "version": "0.0.0",
      "dependencies": {
        "@tanstack/react-router-devtools": "^1.131.27",
        "turbo": "^2.5.4"
      },
      "devDependencies": {
        "@types/geojson": "^7946.0.16"
      }
    },
    "node_modules/.pnpm/turbo@2.5.4/node_modules/turbo": {
      "version": "2.5.4",
      "license": "MIT",
      "bin": {
        "turbo": "bin/turbo"
      },
      "optionalDependencies": {
        "turbo-darwin-64": "2.5.4",
        "turbo-darwin-arm64": "2.5.4",
        "turbo-linux-64": "2.5.4",
        "turbo-linux-arm64": "2.5.4",
        "turbo-windows-64": "2.5.4",
        "turbo-windows-arm64": "2.5.4"
      }
    },
    "node_modules/@tanstack/history": {
      "version": "1.131.2",
      "resolved": "https://registry.npmjs.org/@tanstack/history/-/history-1.131.2.tgz",
      "integrity": "sha512-cs1WKawpXIe+vSTeiZUuSBy8JFjEuDgdMKZFRLKwQysKo8y2q6Q1HvS74Yw+m5IhOW1nTZooa6rlgdfXcgFAaw==",
      "peer": true,
      "engines": {
        "node": ">=12"
      },
      "funding": {
        "type": "github",
        "url": "https://github.com/sponsors/tannerlinsley"
      }
    },
    "node_modules/@tanstack/react-router": {
      "version": "1.131.27",
      "resolved": "https://registry.npmjs.org/@tanstack/react-router/-/react-router-1.131.27.tgz",
      "integrity": "sha512-JLUsmlarNxMz7VDhFscZCqoc2quhocQZKhia/7YXWf8Jbc8rANk6lukK4ecYn92m/ytoHAAy77JeaB6n0HvqwQ==",
      "peer": true,
      "dependencies": {
        "@tanstack/history": "1.131.2",
        "@tanstack/react-store": "^0.7.0",
        "@tanstack/router-core": "1.131.27",
        "isbot": "^5.1.22",
        "tiny-invariant": "^1.3.3",
        "tiny-warning": "^1.0.3"
      },
      "engines": {
        "node": ">=12"
      },
      "funding": {
        "type": "github",
        "url": "https://github.com/sponsors/tannerlinsley"
      },
      "peerDependencies": {
        "react": ">=18.0.0 || >=19.0.0",
        "react-dom": ">=18.0.0 || >=19.0.0"
      }
    },
    "node_modules/@tanstack/react-router-devtools": {
      "version": "1.131.27",
      "resolved": "https://registry.npmjs.org/@tanstack/react-router-devtools/-/react-router-devtools-1.131.27.tgz",
      "integrity": "sha512-SHulN0a7hZvyl3fXi+VLHxdMKdsg1lhPOZeKd5xs6bu/x+N5FaXEA5bUPGB2sbiSYXw/XFcjUqR5dkw8T1dkXg==",
      "dependencies": {
        "@tanstack/router-devtools-core": "1.131.27"
      },
      "engines": {
        "node": ">=12"
      },
      "funding": {
        "type": "github",
        "url": "https://github.com/sponsors/tannerlinsley"
      },
      "peerDependencies": {
        "@tanstack/react-router": "^1.131.27",
        "react": ">=18.0.0 || >=19.0.0",
        "react-dom": ">=18.0.0 || >=19.0.0"
      }
    },
    "node_modules/@tanstack/react-store": {
      "version": "0.7.4",
      "resolved": "https://registry.npmjs.org/@tanstack/react-store/-/react-store-0.7.4.tgz",
      "integrity": "sha512-DyG1e5Qz/c1cNLt/NdFbCA7K1QGuFXQYT6EfUltYMJoQ4LzBOGnOl5IjuxepNcRtmIKkGpmdMzdFZEkevgU9bQ==",
      "peer": true,
      "dependencies": {
        "@tanstack/store": "0.7.4",
        "use-sync-external-store": "^1.5.0"
      },
      "funding": {
        "type": "github",
        "url": "https://github.com/sponsors/tannerlinsley"
      },
      "peerDependencies": {
        "react": "^16.8.0 || ^17.0.0 || ^18.0.0 || ^19.0.0",
        "react-dom": "^16.8.0 || ^17.0.0 || ^18.0.0 || ^19.0.0"
      }
    },
    "node_modules/@tanstack/router-core": {
      "version": "1.131.27",
      "resolved": "https://registry.npmjs.org/@tanstack/router-core/-/router-core-1.131.27.tgz",
      "integrity": "sha512-NEBNxZ/LIBIh6kvQntr6bKq57tDe55zecyTtjAmzPkYFsMy1LXEpRm5H3BPiteBMRApAjuaq+bS1qA664hLH6Q==",
      "peer": true,
      "dependencies": {
        "@tanstack/history": "1.131.2",
        "@tanstack/store": "^0.7.0",
        "cookie-es": "^1.2.2",
        "seroval": "^1.3.2",
        "seroval-plugins": "^1.3.2",
        "tiny-invariant": "^1.3.3",
        "tiny-warning": "^1.0.3"
      },
      "engines": {
        "node": ">=12"
      },
      "funding": {
        "type": "github",
        "url": "https://github.com/sponsors/tannerlinsley"
      }
    },
    "node_modules/@tanstack/router-devtools-core": {
      "version": "1.131.27",
      "resolved": "https://registry.npmjs.org/@tanstack/router-devtools-core/-/router-devtools-core-1.131.27.tgz",
      "integrity": "sha512-upoMv/uq1CQdrOyBO2h6CLXI1Ym7Rawoovt26fN1Wl+RMXqKGVpHAXYuKpugdFMFhFieccKVYcrj9NP4V5BIDw==",
      "dependencies": {
        "clsx": "^2.1.1",
        "goober": "^2.1.16",
        "solid-js": "^1.9.5"
      },
      "engines": {
        "node": ">=12"
      },
      "funding": {
        "type": "github",
        "url": "https://github.com/sponsors/tannerlinsley"
      },
      "peerDependencies": {
        "@tanstack/router-core": "^1.131.27",
        "csstype": "^3.0.10",
        "solid-js": ">=1.9.5",
        "tiny-invariant": "^1.3.3"
      },
      "peerDependenciesMeta": {
        "csstype": {
          "optional": true
        }
      }
    },
    "node_modules/@tanstack/store": {
      "version": "0.7.4",
      "resolved": "https://registry.npmjs.org/@tanstack/store/-/store-0.7.4.tgz",
      "integrity": "sha512-F1XqZQici1Aq6WigEfcxJSml92nW+85Om8ElBMokPNg5glCYVOmPkZGIQeieYFxcPiKTfwo0MTOQpUyJtwncrg==",
      "peer": true,
      "funding": {
        "type": "github",
        "url": "https://github.com/sponsors/tannerlinsley"
      }
    },
    "node_modules/@types/geojson": {
      "version": "7946.0.16",
      "resolved": "https://registry.npmjs.org/@types/geojson/-/geojson-7946.0.16.tgz",
      "integrity": "sha512-6C8nqWur3j98U6+lXDfTUWIfgvZU+EumvpHKcYjujKH7woYyLj2sUmff0tRhrqM7BohUw7Pz3ZB1jj2gW9Fvmg==",
      "dev": true
    },
    "node_modules/clsx": {
      "version": "2.1.1",
      "resolved": "https://registry.npmjs.org/clsx/-/clsx-2.1.1.tgz",
      "integrity": "sha512-eYm0QWBtUrBWZWG0d386OGAw16Z995PiOVo2B7bjWSbHedGl5e0ZWaq65kOGgUSNesEIDkB9ISbTg/JK9dhCZA==",
      "engines": {
        "node": ">=6"
      }
    },
    "node_modules/cookie-es": {
      "version": "1.2.2",
      "resolved": "https://registry.npmjs.org/cookie-es/-/cookie-es-1.2.2.tgz",
      "integrity": "sha512-+W7VmiVINB+ywl1HGXJXmrqkOhpKrIiVZV6tQuV54ZyQC7MMuBt81Vc336GMLoHBq5hV/F9eXgt5Mnx0Rha5Fg==",
      "peer": true
    },
    "node_modules/csstype": {
      "version": "3.1.3",
      "resolved": "https://registry.npmjs.org/csstype/-/csstype-3.1.3.tgz",
      "integrity": "sha512-M1uQkMl8rQK/szD0LNhtqxIPLpimGm8sOBwU7lLnCpSbTyY3yeU1Vc7l4KT5zT4s/yOxHH5O7tIuuLOCnLADRw=="
    },
    "node_modules/goober": {
      "version": "2.1.16",
      "resolved": "https://registry.npmjs.org/goober/-/goober-2.1.16.tgz",
      "integrity": "sha512-erjk19y1U33+XAMe1VTvIONHYoSqE4iS7BYUZfHaqeohLmnC0FdxEh7rQU+6MZ4OajItzjZFSRtVANrQwNq6/g==",
      "peerDependencies": {
        "csstype": "^3.0.10"
      }
    },
    "node_modules/isbot": {
      "version": "5.1.30",
      "resolved": "https://registry.npmjs.org/isbot/-/isbot-5.1.30.tgz",
      "integrity": "sha512-3wVJEonAns1OETX83uWsk5IAne2S5zfDcntD2hbtU23LelSqNXzXs9zKjMPOLMzroCgIjCfjYAEHrd2D6FOkiA==",
      "peer": true,
      "engines": {
        "node": ">=18"
      }
    },
    "node_modules/react": {
      "version": "19.1.1",
      "resolved": "https://registry.npmjs.org/react/-/react-19.1.1.tgz",
      "integrity": "sha512-w8nqGImo45dmMIfljjMwOGtbmC/mk4CMYhWIicdSflH91J9TyCyczcPFXJzrZ/ZXcgGRFeP6BU0BEJTw6tZdfQ==",
      "peer": true,
      "engines": {
        "node": ">=0.10.0"
      }
    },
    "node_modules/react-dom": {
      "version": "19.1.1",
      "resolved": "https://registry.npmjs.org/react-dom/-/react-dom-19.1.1.tgz",
      "integrity": "sha512-Dlq/5LAZgF0Gaz6yiqZCf6VCcZs1ghAJyrsu84Q/GT0gV+mCxbfmKNoGRKBYMJ8IEdGPqu49YWXD02GCknEDkw==",
      "peer": true,
      "dependencies": {
        "scheduler": "^0.26.0"
      },
      "peerDependencies": {
        "react": "^19.1.1"
      }
    },
    "node_modules/scheduler": {
      "version": "0.26.0",
      "resolved": "https://registry.npmjs.org/scheduler/-/scheduler-0.26.0.tgz",
      "integrity": "sha512-NlHwttCI/l5gCPR3D1nNXtWABUmBwvZpEQiD4IXSbIDq8BzLIK/7Ir5gTFSGZDUu37K5cMNp0hFtzO38sC7gWA==",
      "peer": true
    },
    "node_modules/seroval": {
      "version": "1.3.2",
      "resolved": "https://registry.npmjs.org/seroval/-/seroval-1.3.2.tgz",
      "integrity": "sha512-RbcPH1n5cfwKrru7v7+zrZvjLurgHhGyso3HTyGtRivGWgYjbOmGuivCQaORNELjNONoK35nj28EoWul9sb1zQ==",
      "engines": {
        "node": ">=10"
      }
    },
    "node_modules/seroval-plugins": {
      "version": "1.3.2",
      "resolved": "https://registry.npmjs.org/seroval-plugins/-/seroval-plugins-1.3.2.tgz",
      "integrity": "sha512-0QvCV2lM3aj/U3YozDiVwx9zpH0q8A60CTWIv4Jszj/givcudPb48B+rkU5D51NJ0pTpweGMttHjboPa9/zoIQ==",
      "engines": {
        "node": ">=10"
      },
      "peerDependencies": {
        "seroval": "^1.0"
      }
    },
    "node_modules/solid-js": {
      "version": "1.9.9",
      "resolved": "https://registry.npmjs.org/solid-js/-/solid-js-1.9.9.tgz",
      "integrity": "sha512-A0ZBPJQldAeGCTW0YRYJmt7RCeh5rbFfPZ2aOttgYnctHE7HgKeHCBB/PVc2P7eOfmNXqMFFFoYYdm3S4dcbkA==",
      "dependencies": {
        "csstype": "^3.1.0",
        "seroval": "~1.3.0",
        "seroval-plugins": "~1.3.0"
      }
    },
    "node_modules/tiny-invariant": {
      "version": "1.3.3",
      "resolved": "https://registry.npmjs.org/tiny-invariant/-/tiny-invariant-1.3.3.tgz",
      "integrity": "sha512-+FbBPE1o9QAYvviau/qC5SE3caw21q3xkvWKBtja5vgqOWIHHJ3ioaq1VPfn/Szqctz2bU/oYeKd9/z5BL+PVg==",
      "peer": true
    },
    "node_modules/tiny-warning": {
      "version": "1.0.3",
      "resolved": "https://registry.npmjs.org/tiny-warning/-/tiny-warning-1.0.3.tgz",
      "integrity": "sha512-lBN9zLN/oAf68o3zNXYrdCt1kP8WsiGW8Oo2ka41b2IM5JL/S1CTyX1rW0mb/zSuJun0ZUrDxx4sqvYS2FWzPA==",
      "peer": true
    },
    "node_modules/turbo": {
      "resolved": "node_modules/.pnpm/turbo@2.5.4/node_modules/turbo",
      "link": true
    },
    "node_modules/turbo-darwin-64": {
      "version": "2.5.4",
      "resolved": "https://registry.npmjs.org/turbo-darwin-64/-/turbo-darwin-64-2.5.4.tgz",
      "integrity": "sha512-ah6YnH2dErojhFooxEzmvsoZQTMImaruZhFPfMKPBq8sb+hALRdvBNLqfc8NWlZq576FkfRZ/MSi4SHvVFT9PQ==",
      "cpu": [
        "x64"
      ],
      "optional": true,
      "os": [
        "darwin"
      ]
    },
    "node_modules/turbo-darwin-arm64": {
      "version": "2.5.4",
      "resolved": "https://registry.npmjs.org/turbo-darwin-arm64/-/turbo-darwin-arm64-2.5.4.tgz",
      "integrity": "sha512-2+Nx6LAyuXw2MdXb7pxqle3MYignLvS7OwtsP9SgtSBaMlnNlxl9BovzqdYAgkUW3AsYiQMJ/wBRb7d+xemM5A==",
      "cpu": [
        "arm64"
      ],
      "optional": true,
      "os": [
        "darwin"
      ]
    },
    "node_modules/turbo-linux-64": {
      "version": "2.5.4",
      "resolved": "https://registry.npmjs.org/turbo-linux-64/-/turbo-linux-64-2.5.4.tgz",
      "integrity": "sha512-5May2kjWbc8w4XxswGAl74GZ5eM4Gr6IiroqdLhXeXyfvWEdm2mFYCSWOzz0/z5cAgqyGidF1jt1qzUR8hTmOA==",
      "cpu": [
        "x64"
      ],
      "optional": true,
      "os": [
        "linux"
      ]
    },
    "node_modules/turbo-linux-arm64": {
      "version": "2.5.4",
      "resolved": "https://registry.npmjs.org/turbo-linux-arm64/-/turbo-linux-arm64-2.5.4.tgz",
      "integrity": "sha512-/2yqFaS3TbfxV3P5yG2JUI79P7OUQKOUvAnx4MV9Bdz6jqHsHwc9WZPpO4QseQm+NvmgY6ICORnoVPODxGUiJg==",
      "cpu": [
        "arm64"
      ],
      "optional": true,
      "os": [
        "linux"
      ]
    },
    "node_modules/turbo-windows-64": {
      "version": "2.5.4",
      "resolved": "https://registry.npmjs.org/turbo-windows-64/-/turbo-windows-64-2.5.4.tgz",
      "integrity": "sha512-EQUO4SmaCDhO6zYohxIjJpOKRN3wlfU7jMAj3CgcyTPvQR/UFLEKAYHqJOnJtymbQmiiM/ihX6c6W6Uq0yC7mA==",
      "cpu": [
        "x64"
      ],
      "optional": true,
      "os": [
        "win32"
      ]
    },
    "node_modules/turbo-windows-arm64": {
      "version": "2.5.4",
      "resolved": "https://registry.npmjs.org/turbo-windows-arm64/-/turbo-windows-arm64-2.5.4.tgz",
      "integrity": "sha512-oQ8RrK1VS8lrxkLriotFq+PiF7iiGgkZtfLKF4DDKsmdbPo0O9R2mQxm7jHLuXraRCuIQDWMIw6dpcr7Iykf4A==",
      "cpu": [
        "arm64"
      ],
      "optional": true,
      "os": [
        "win32"
      ]
    },
    "node_modules/use-sync-external-store": {
      "version": "1.5.0",
      "resolved": "https://registry.npmjs.org/use-sync-external-store/-/use-sync-external-store-1.5.0.tgz",
      "integrity": "sha512-Rb46I4cGGVBmjamjphe8L/UnvJD+uPPtTkNvX5mZgqdbavhI4EbgIWJiIHXJ8bc/i9EQGPRh4DwEURJ552Do0A==",
      "peer": true,
      "peerDependencies": {
        "react": "^16.8.0 || ^17.0.0 || ^18.0.0 || ^19.0.0"
      }
    }
  }
}
